// !$*UTF8*$!
{
	archiveVersion = 1;
	classes = {
	};
	objectVersion = 46;
	objects = {

/* Begin PBXBuildFile section */
		58D9ECBC1E1A16D60081E48F /* Chip8.swift in Sources */ = {isa = PBXBuildFile; fileRef = 58D9ECBB1E1A16D60081E48F /* Chip8.swift */; };
		58E106101E171BB80032D433 /* AppDelegate.swift in Sources */ = {isa = PBXBuildFile; fileRef = 58E1060F1E171BB80032D433 /* AppDelegate.swift */; };
		58E106121E171BB80032D433 /* GameScene.sks in Resources */ = {isa = PBXBuildFile; fileRef = 58E106111E171BB80032D433 /* GameScene.sks */; };
		58E106141E171BB80032D433 /* Actions.sks in Resources */ = {isa = PBXBuildFile; fileRef = 58E106131E171BB80032D433 /* Actions.sks */; };
		58E106161E171BB80032D433 /* GameScene.swift in Sources */ = {isa = PBXBuildFile; fileRef = 58E106151E171BB80032D433 /* GameScene.swift */; };
		58E106181E171BB80032D433 /* ViewController.swift in Sources */ = {isa = PBXBuildFile; fileRef = 58E106171E171BB80032D433 /* ViewController.swift */; };
		58E1061A1E171BB80032D433 /* Assets.xcassets in Resources */ = {isa = PBXBuildFile; fileRef = 58E106191E171BB80032D433 /* Assets.xcassets */; };
		58E1061D1E171BB90032D433 /* Main.storyboard in Resources */ = {isa = PBXBuildFile; fileRef = 58E1061B1E171BB90032D433 /* Main.storyboard */; };
		58E106271E17326D0032D433 /* Screen.swift in Sources */ = {isa = PBXBuildFile; fileRef = 58E106261E17326D0032D433 /* Screen.swift */; };
		58EDE41F1E1C2DB1001C2F93 /* Pixel.swift in Sources */ = {isa = PBXBuildFile; fileRef = 58EDE41E1E1C2DB1001C2F93 /* Pixel.swift */; };
/* End PBXBuildFile section */

/* Begin PBXFileReference section */
		58D9ECBB1E1A16D60081E48F /* Chip8.swift */ = {isa = PBXFileReference; fileEncoding = 4; lastKnownFileType = sourcecode.swift; path = Chip8.swift; sourceTree = "<group>"; };
		58E1060C1E171BB80032D433 /* chip8.app */ = {isa = PBXFileReference; explicitFileType = wrapper.application; includeInIndex = 0; path = chip8.app; sourceTree = BUILT_PRODUCTS_DIR; };
		58E1060F1E171BB80032D433 /* AppDelegate.swift */ = {isa = PBXFileReference; lastKnownFileType = sourcecode.swift; path = AppDelegate.swift; sourceTree = "<group>"; };
		58E106111E171BB80032D433 /* GameScene.sks */ = {isa = PBXFileReference; lastKnownFileType = file.sks; path = GameScene.sks; sourceTree = "<group>"; };
		58E106131E171BB80032D433 /* Actions.sks */ = {isa = PBXFileReference; lastKnownFileType = file.sks; path = Actions.sks; sourceTree = "<group>"; };
		58E106151E171BB80032D433 /* GameScene.swift */ = {isa = PBXFileReference; lastKnownFileType = sourcecode.swift; path = GameScene.swift; sourceTree = "<group>"; };
		58E106171E171BB80032D433 /* ViewController.swift */ = {isa = PBXFileReference; lastKnownFileType = sourcecode.swift; path = ViewController.swift; sourceTree = "<group>"; };
		58E106191E171BB80032D433 /* Assets.xcassets */ = {isa = PBXFileReference; lastKnownFileType = folder.assetcatalog; path = Assets.xcassets; sourceTree = "<group>"; };
		58E1061C1E171BB90032D433 /* Base */ = {isa = PBXFileReference; lastKnownFileType = file.storyboard; name = Base; path = Base.lproj/Main.storyboard; sourceTree = "<group>"; };
		58E1061E1E171BB90032D433 /* Info.plist */ = {isa = PBXFileReference; lastKnownFileType = text.plist.xml; path = Info.plist; sourceTree = "<group>"; };
		58E106261E17326D0032D433 /* Screen.swift */ = {isa = PBXFileReference; fileEncoding = 4; lastKnownFileType = sourcecode.swift; path = Screen.swift; sourceTree = "<group>"; };
		58EDE41E1E1C2DB1001C2F93 /* Pixel.swift */ = {isa = PBXFileReference; fileEncoding = 4; lastKnownFileType = sourcecode.swift; path = Pixel.swift; sourceTree = "<group>"; };
/* End PBXFileReference section */

/* Begin PBXFrameworksBuildPhase section */
		58E106091E171BB80032D433 /* Frameworks */ = {
			isa = PBXFrameworksBuildPhase;
			buildActionMask = 2147483647;
			files = (
			);
			runOnlyForDeploymentPostprocessing = 0;
		};
/* End PBXFrameworksBuildPhase section */

/* Begin PBXGroup section */
		58E106031E171BB80032D433 = {
			isa = PBXGroup;
			children = (
				58E1060E1E171BB80032D433 /* chip8 */,
				58E1060D1E171BB80032D433 /* Products */,
			);
			sourceTree = "<group>";
		};
		58E1060D1E171BB80032D433 /* Products */ = {
			isa = PBXGroup;
			children = (
				58E1060C1E171BB80032D433 /* chip8.app */,
			);
			name = Products;
			sourceTree = "<group>";
		};
		58E1060E1E171BB80032D433 /* chip8 */ = {
			isa = PBXGroup;
			children = (
				58E1060F1E171BB80032D433 /* AppDelegate.swift */,
				58E106111E171BB80032D433 /* GameScene.sks */,
				58E106131E171BB80032D433 /* Actions.sks */,
				58D9ECBB1E1A16D60081E48F /* Chip8.swift */,
				58E106151E171BB80032D433 /* GameScene.swift */,
				58E106261E17326D0032D433 /* Screen.swift */,
				58EDE41E1E1C2DB1001C2F93 /* Pixel.swift */,
				58E106171E171BB80032D433 /* ViewController.swift */,
				58E106191E171BB80032D433 /* Assets.xcassets */,
				58E1061B1E171BB90032D433 /* Main.storyboard */,
				58E1061E1E171BB90032D433 /* Info.plist */,
			);
			path = chip8;
			sourceTree = "<group>";
		};
/* End PBXGroup section */

/* Begin PBXNativeTarget section */
		58E1060B1E171BB80032D433 /* chip8 */ = {
			isa = PBXNativeTarget;
			buildConfigurationList = 58E106211E171BB90032D433 /* Build configuration list for PBXNativeTarget "chip8" */;
			buildPhases = (
				58E106081E171BB80032D433 /* Sources */,
				58E106091E171BB80032D433 /* Frameworks */,
				58E1060A1E171BB80032D433 /* Resources */,
			);
			buildRules = (
			);
			dependencies = (
			);
			name = chip8;
			productName = chip8;
			productReference = 58E1060C1E171BB80032D433 /* chip8.app */;
			productType = "com.apple.product-type.application";
		};
/* End PBXNativeTarget section */

/* Begin PBXProject section */
		58E106041E171BB80032D433 /* Project object */ = {
			isa = PBXProject;
			attributes = {
				LastSwiftUpdateCheck = 0820;
				LastUpgradeCheck = 0820;
				ORGANIZATIONNAME = kauelm;
				TargetAttributes = {
					58E1060B1E171BB80032D433 = {
						CreatedOnToolsVersion = 8.2;
						ProvisioningStyle = Automatic;
					};
				};
			};
			buildConfigurationList = 58E106071E171BB80032D433 /* Build configuration list for PBXProject "chip8" */;
			compatibilityVersion = "Xcode 3.2";
			developmentRegion = English;
			hasScannedForEncodings = 0;
			knownRegions = (
				en,
				Base,
			);
			mainGroup = 58E106031E171BB80032D433;
			productRefGroup = 58E1060D1E171BB80032D433 /* Products */;
			projectDirPath = "";
			projectRoot = "";
			targets = (
				58E1060B1E171BB80032D433 /* chip8 */,
			);
		};
/* End PBXProject section */

/* Begin PBXResourcesBuildPhase section */
		58E1060A1E171BB80032D433 /* Resources */ = {
			isa = PBXResourcesBuildPhase;
			buildActionMask = 2147483647;
			files = (
				58E106121E171BB80032D433 /* GameScene.sks in Resources */,
				58E1061A1E171BB80032D433 /* Assets.xcassets in Resources */,
				58E106141E171BB80032D433 /* Actions.sks in Resources */,
				58E1061D1E171BB90032D433 /* Main.storyboard in Resources */,
			);
			runOnlyForDeploymentPostprocessing = 0;
		};
/* End PBXResourcesBuildPhase section */

/* Begin PBXSourcesBuildPhase section */
		58E106081E171BB80032D433 /* Sources */ = {
			isa = PBXSourcesBuildPhase;
			buildActionMask = 2147483647;
			files = (
				58D9ECBC1E1A16D60081E48F /* Chip8.swift in Sources */,
				58E106181E171BB80032D433 /* ViewController.swift in Sources */,
				58E106161E171BB80032D433 /* GameScene.swift in Sources */,
				58E106101E171BB80032D433 /* AppDelegate.swift in Sources */,
				58EDE41F1E1C2DB1001C2F93 /* Pixel.swift in Sources */,
				58E106271E17326D0032D433 /* Screen.swift in Sources */,
			);
			runOnlyForDeploymentPostprocessing = 0;
		};
/* End PBXSourcesBuildPhase section */

/* Begin PBXVariantGroup section */
		58E1061B1E171BB90032D433 /* Main.storyboard */ = {
			isa = PBXVariantGroup;
			children = (
				58E1061C1E171BB90032D433 /* Base */,
			);
			name = Main.storyboard;
			sourceTree = "<group>";
		};
/* End PBXVariantGroup section */

/* Begin XCBuildConfiguration section */
		58E1061F1E171BB90032D433 /* Debug */ = {
			isa = XCBuildConfiguration;
			buildSettings = {
				ALWAYS_SEARCH_USER_PATHS = NO;
				CLANG_ANALYZER_NONNULL = YES;
				CLANG_CXX_LANGUAGE_STANDARD = "gnu++0x";
				CLANG_CXX_LIBRARY = "libc++";
				CLANG_ENABLE_MODULES = YES;
				CLANG_ENABLE_OBJC_ARC = YES;
				CLANG_WARN_BOOL_CONVERSION = YES;
				CLANG_WARN_CONSTANT_CONVERSION = YES;
				CLANG_WARN_DIRECT_OBJC_ISA_USAGE = YES_ERROR;
				CLANG_WARN_DOCUMENTATION_COMMENTS = YES;
				CLANG_WARN_EMPTY_BODY = YES;
				CLANG_WARN_ENUM_CONVERSION = YES;
				CLANG_WARN_INFINITE_RECURSION = YES;
				CLANG_WARN_INT_CONVERSION = YES;
				CLANG_WARN_OBJC_ROOT_CLASS = YES_ERROR;
				CLANG_WARN_SUSPICIOUS_MOVE = YES;
				CLANG_WARN_UNREACHABLE_CODE = YES;
				CLANG_WARN__DUPLICATE_METHOD_MATCH = YES;
				CODE_SIGN_IDENTITY = "-";
				COPY_PHASE_STRIP = NO;
				DEBUG_INFORMATION_FORMAT = dwarf;
				ENABLE_STRICT_OBJC_MSGSEND = YES;
				ENABLE_TESTABILITY = YES;
				GCC_C_LANGUAGE_STANDARD = gnu99;
				GCC_DYNAMIC_NO_PIC = NO;
				GCC_NO_COMMON_BLOCKS = YES;
				GCC_OPTIMIZATION_LEVEL = 0;
				GCC_PREPROCESSOR_DEFINITIONS = (
					"DEBUG=1",
					"$(inherited)",
				);
				GCC_WARN_64_TO_32_BIT_CONVERSION = YES;
				GCC_WARN_ABOUT_RETURN_TYPE = YES_ERROR;
				GCC_WARN_UNDECLARED_SELECTOR = YES;
				GCC_WARN_UNINITIALIZED_AUTOS = YES_AGGRESSIVE;
				GCC_WARN_UNUSED_FUNCTION = YES;
				GCC_WARN_UNUSED_VARIABLE = YES;
				MACOSX_DEPLOYMENT_TARGET = 10.12;
				MTL_ENABLE_DEBUG_INFO = YES;
				ONLY_ACTIVE_ARCH = YES;
				SDKROOT = macosx;
				SWIFT_ACTIVE_COMPILATION_CONDITIONS = DEBUG;
				SWIFT_OPTIMIZATION_LEVEL = "-Onone";
			};
			name = Debug;
		};
		58E106201E171BB90032D433 /* Release */ = {
			isa = XCBuildConfiguration;
			buildSettings = {
				ALWAYS_SEARCH_USER_PATHS = NO;
				CLANG_ANALYZER_NONNULL = YES;
				CLANG_CXX_LANGUAGE_STANDARD = "gnu++0x";
				CLANG_CXX_LIBRARY = "libc++";
				CLANG_ENABLE_MODULES = YES;
				CLANG_ENABLE_OBJC_ARC = YES;
				CLANG_WARN_BOOL_CONVERSION = YES;
				CLANG_WARN_CONSTANT_CONVERSION = YES;
				CLANG_WARN_DIRECT_OBJC_ISA_USAGE = YES_ERROR;
				CLANG_WARN_DOCUMENTATION_COMMENTS = YES;
				CLANG_WARN_EMPTY_BODY = YES;
				CLANG_WARN_ENUM_CONVERSION = YES;
				CLANG_WARN_INFINITE_RECURSION = YES;
				CLANG_WARN_INT_CONVERSION = YES;
				CLANG_WARN_OBJC_ROOT_CLASS = YES_ERROR;
				CLANG_WARN_SUSPICIOUS_MOVE = YES;
				CLANG_WARN_UNREACHABLE_CODE = YES;
				CLANG_WARN__DUPLICATE_METHOD_MATCH = YES;
				CODE_SIGN_IDENTITY = "-";
				COPY_PHASE_STRIP = NO;
				DEBUG_INFORMATION_FORMAT = "dwarf-with-dsym";
				ENABLE_NS_ASSERTIONS = NO;
				ENABLE_STRICT_OBJC_MSGSEND = YES;
				GCC_C_LANGUAGE_STANDARD = gnu99;
				GCC_NO_COMMON_BLOCKS = YES;
				GCC_WARN_64_TO_32_BIT_CONVERSION = YES;
				GCC_WARN_ABOUT_RETURN_TYPE = YES_ERROR;
				GCC_WARN_UNDECLARED_SELECTOR = YES;
				GCC_WARN_UNINITIALIZED_AUTOS = YES_AGGRESSIVE;
				GCC_WARN_UNUSED_FUNCTION = YES;
				GCC_WARN_UNUSED_VARIABLE = YES;
				MACOSX_DEPLOYMENT_TARGET = 10.12;
				MTL_ENABLE_DEBUG_INFO = NO;
				SDKROOT = macosx;
				SWIFT_OPTIMIZATION_LEVEL = "-Owholemodule";
			};
			name = Release;
		};
		58E106221E171BB90032D433 /* Debug */ = {
			isa = XCBuildConfiguration;
			buildSettings = {
				ASSETCATALOG_COMPILER_APPICON_NAME = AppIcon;
				COMBINE_HIDPI_IMAGES = YES;
				INFOPLIST_FILE = chip8/Info.plist;
				LD_RUNPATH_SEARCH_PATHS = "$(inherited) @executable_path/../Frameworks";
				PRODUCT_BUNDLE_IDENTIFIER = br.com.kauelm.chip8;
				PRODUCT_NAME = "$(TARGET_NAME)";
				SWIFT_VERSION = 3.0;
			};
			name = Debug;
		};
		58E106231E171BB90032D433 /* Release */ = {
			isa = XCBuildConfiguration;
			buildSettings = {
				ASSETCATALOG_COMPILER_APPICON_NAME = AppIcon;
				COMBINE_HIDPI_IMAGES = YES;
				INFOPLIST_FILE = chip8/Info.plist;
				LD_RUNPATH_SEARCH_PATHS = "$(inherited) @executable_path/../Frameworks";
				PRODUCT_BUNDLE_IDENTIFIER = br.com.kauelm.chip8;
				PRODUCT_NAME = "$(TARGET_NAME)";
				SWIFT_VERSION = 3.0;
			};
			name = Release;
		};
/* End XCBuildConfiguration section */

/* Begin XCConfigurationList section */
		58E106071E171BB80032D433 /* Build configuration list for PBXProject "chip8" */ = {
			isa = XCConfigurationList;
			buildConfigurations = (
				58E1061F1E171BB90032D433 /* Debug */,
				58E106201E171BB90032D433 /* Release */,
			);
			defaultConfigurationIsVisible = 0;
			defaultConfigurationName = Release;
		};
		58E106211E171BB90032D433 /* Build configuration list for PBXNativeTarget "chip8" */ = {
			isa = XCConfigurationList;
			buildConfigurations = (
				58E106221E171BB90032D433 /* Debug */,
				58E106231E171BB90032D433 /* Release */,
			);
			defaultConfigurationIsVisible = 0;
			defaultConfigurationName = Release;
		};
/* End XCConfigurationList section */
	};
	rootObject = 58E106041E171BB80032D433 /* Project object */;
}
